// !$*UTF8*$!
{
	archiveVersion = 1;
	classes = {
	};
	objectVersion = 50;
	objects = {

/* Begin PBXBuildFile section */
		5953A92125E3857200078583 /* MemoryGame.swift in Sources */ = {isa = PBXBuildFile; fileRef = 5953A92025E3857200078583 /* MemoryGame.swift */; };
		5953A92925E3879D00078583 /* EmojiMemoryGame.swift in Sources */ = {isa = PBXBuildFile; fileRef = 5953A92825E3879D00078583 /* EmojiMemoryGame.swift */; };
		5961955025DCBE700068CDBF /* Card_GameApp.swift in Sources */ = {isa = PBXBuildFile; fileRef = 5961954F25DCBE700068CDBF /* Card_GameApp.swift */; };
		5961955225DCBE700068CDBF /* CardGameView.swift in Sources */ = {isa = PBXBuildFile; fileRef = 5961955125DCBE700068CDBF /* CardGameView.swift */; };
		5961955425DCBE750068CDBF /* Assets.xcassets in Resources */ = {isa = PBXBuildFile; fileRef = 5961955325DCBE750068CDBF /* Assets.xcassets */; };
		5961955725DCBE750068CDBF /* Preview Assets.xcassets in Resources */ = {isa = PBXBuildFile; fileRef = 5961955625DCBE750068CDBF /* Preview Assets.xcassets */; };
		5961956225DCBE760068CDBF /* Card_GameTests.swift in Sources */ = {isa = PBXBuildFile; fileRef = 5961956125DCBE760068CDBF /* Card_GameTests.swift */; };
		5961956D25DCBE760068CDBF /* Card_GameUITests.swift in Sources */ = {isa = PBXBuildFile; fileRef = 5961956C25DCBE760068CDBF /* Card_GameUITests.swift */; };
		596B384326015EB6006D2136 /* Array+Extension.swift in Sources */ = {isa = PBXBuildFile; fileRef = 596B384226015EB6006D2136 /* Array+Extension.swift */; };
		596B384826016140006D2136 /* Grid.swift in Sources */ = {isa = PBXBuildFile; fileRef = 596B384726016140006D2136 /* Grid.swift */; };
		5992FED12658D32F00AD536B /* GridLayout.swift in Sources */ = {isa = PBXBuildFile; fileRef = 5992FED02658D32F00AD536B /* GridLayout.swift */; };
		5992FED32659AE3100AD536B /* Array+Only.swift in Sources */ = {isa = PBXBuildFile; fileRef = 5992FED22659AE3100AD536B /* Array+Only.swift */; };
/* End PBXBuildFile section */

/* Begin PBXContainerItemProxy section */
		5961955E25DCBE750068CDBF /* PBXContainerItemProxy */ = {
			isa = PBXContainerItemProxy;
			containerPortal = 5961954425DCBE6F0068CDBF /* Project object */;
			proxyType = 1;
			remoteGlobalIDString = 5961954B25DCBE700068CDBF;
			remoteInfo = "Card Game";
		};
		5961956925DCBE760068CDBF /* PBXContainerItemProxy */ = {
			isa = PBXContainerItemProxy;
			containerPortal = 5961954425DCBE6F0068CDBF /* Project object */;
			proxyType = 1;
			remoteGlobalIDString = 5961954B25DCBE700068CDBF;
			remoteInfo = "Card Game";
		};
/* End PBXContainerItemProxy section */

/* Begin PBXFileReference section */
		5953A92025E3857200078583 /* MemoryGame.swift */ = {isa = PBXFileReference; lastKnownFileType = sourcecode.swift; path = MemoryGame.swift; sourceTree = "<group>"; };
		5953A92825E3879D00078583 /* EmojiMemoryGame.swift */ = {isa = PBXFileReference; lastKnownFileType = sourcecode.swift; path = EmojiMemoryGame.swift; sourceTree = "<group>"; };
		5961954C25DCBE700068CDBF /* Card Game.app */ = {isa = PBXFileReference; explicitFileType = wrapper.application; includeInIndex = 0; path = "Card Game.app"; sourceTree = BUILT_PRODUCTS_DIR; };
		5961954F25DCBE700068CDBF /* Card_GameApp.swift */ = {isa = PBXFileReference; lastKnownFileType = sourcecode.swift; path = Card_GameApp.swift; sourceTree = "<group>"; };
		5961955125DCBE700068CDBF /* CardGameView.swift */ = {isa = PBXFileReference; lastKnownFileType = sourcecode.swift; path = CardGameView.swift; sourceTree = "<group>"; };
		5961955325DCBE750068CDBF /* Assets.xcassets */ = {isa = PBXFileReference; lastKnownFileType = folder.assetcatalog; path = Assets.xcassets; sourceTree = "<group>"; };
		5961955625DCBE750068CDBF /* Preview Assets.xcassets */ = {isa = PBXFileReference; lastKnownFileType = folder.assetcatalog; path = "Preview Assets.xcassets"; sourceTree = "<group>"; };
		5961955825DCBE750068CDBF /* Info.plist */ = {isa = PBXFileReference; lastKnownFileType = text.plist.xml; path = Info.plist; sourceTree = "<group>"; };
		5961955D25DCBE750068CDBF /* Card GameTests.xctest */ = {isa = PBXFileReference; explicitFileType = wrapper.cfbundle; includeInIndex = 0; path = "Card GameTests.xctest"; sourceTree = BUILT_PRODUCTS_DIR; };
		5961956125DCBE760068CDBF /* Card_GameTests.swift */ = {isa = PBXFileReference; lastKnownFileType = sourcecode.swift; path = Card_GameTests.swift; sourceTree = "<group>"; };
		5961956325DCBE760068CDBF /* Info.plist */ = {isa = PBXFileReference; lastKnownFileType = text.plist.xml; path = Info.plist; sourceTree = "<group>"; };
		5961956825DCBE760068CDBF /* Card GameUITests.xctest */ = {isa = PBXFileReference; explicitFileType = wrapper.cfbundle; includeInIndex = 0; path = "Card GameUITests.xctest"; sourceTree = BUILT_PRODUCTS_DIR; };
		5961956C25DCBE760068CDBF /* Card_GameUITests.swift */ = {isa = PBXFileReference; lastKnownFileType = sourcecode.swift; path = Card_GameUITests.swift; sourceTree = "<group>"; };
		5961956E25DCBE760068CDBF /* Info.plist */ = {isa = PBXFileReference; lastKnownFileType = text.plist.xml; path = Info.plist; sourceTree = "<group>"; };
		596B384226015EB6006D2136 /* Array+Extension.swift */ = {isa = PBXFileReference; lastKnownFileType = sourcecode.swift; path = "Array+Extension.swift"; sourceTree = "<group>"; };
		596B384726016140006D2136 /* Grid.swift */ = {isa = PBXFileReference; lastKnownFileType = sourcecode.swift; path = Grid.swift; sourceTree = "<group>"; };
		5992FED02658D32F00AD536B /* GridLayout.swift */ = {isa = PBXFileReference; fileEncoding = 4; lastKnownFileType = sourcecode.swift; path = GridLayout.swift; sourceTree = "<group>"; };
		5992FED22659AE3100AD536B /* Array+Only.swift */ = {isa = PBXFileReference; lastKnownFileType = sourcecode.swift; path = "Array+Only.swift"; sourceTree = "<group>"; };
/* End PBXFileReference section */

/* Begin PBXFrameworksBuildPhase section */
		5961954925DCBE700068CDBF /* Frameworks */ = {
			isa = PBXFrameworksBuildPhase;
			buildActionMask = 2147483647;
			files = (
			);
			runOnlyForDeploymentPostprocessing = 0;
		};
		5961955A25DCBE750068CDBF /* Frameworks */ = {
			isa = PBXFrameworksBuildPhase;
			buildActionMask = 2147483647;
			files = (
			);
			runOnlyForDeploymentPostprocessing = 0;
		};
		5961956525DCBE760068CDBF /* Frameworks */ = {
			isa = PBXFrameworksBuildPhase;
			buildActionMask = 2147483647;
			files = (
			);
			runOnlyForDeploymentPostprocessing = 0;
		};
/* End PBXFrameworksBuildPhase section */

/* Begin PBXGroup section */
		5961954325DCBE6F0068CDBF = {
			isa = PBXGroup;
			children = (
				5961954E25DCBE700068CDBF /* Card Game */,
				5961956025DCBE750068CDBF /* Card GameTests */,
				5961956B25DCBE760068CDBF /* Card GameUITests */,
				5961954D25DCBE700068CDBF /* Products */,
			);
			sourceTree = "<group>";
		};
		5961954D25DCBE700068CDBF /* Products */ = {
			isa = PBXGroup;
			children = (
				5961954C25DCBE700068CDBF /* Card Game.app */,
				5961955D25DCBE750068CDBF /* Card GameTests.xctest */,
				5961956825DCBE760068CDBF /* Card GameUITests.xctest */,
			);
			name = Products;
			sourceTree = "<group>";
		};
		5961954E25DCBE700068CDBF /* Card Game */ = {
			isa = PBXGroup;
			children = (
				5992FED42659DA5F00AD536B /* Model */,
				5992FED52659DA8500AD536B /* ViewModel */,
				5992FED62659DA9200AD536B /* View */,
				596B384226015EB6006D2136 /* Array+Extension.swift */,
				5992FED22659AE3100AD536B /* Array+Only.swift */,
				5961955825DCBE750068CDBF /* Info.plist */,
				5961955525DCBE750068CDBF /* Preview Content */,
			);
			path = "Card Game";
			sourceTree = "<group>";
		};
		5961955525DCBE750068CDBF /* Preview Content */ = {
			isa = PBXGroup;
			children = (
				5961955625DCBE750068CDBF /* Preview Assets.xcassets */,
			);
			path = "Preview Content";
			sourceTree = "<group>";
		};
		5961956025DCBE750068CDBF /* Card GameTests */ = {
			isa = PBXGroup;
			children = (
				5961956125DCBE760068CDBF /* Card_GameTests.swift */,
				5961956325DCBE760068CDBF /* Info.plist */,
			);
			path = "Card GameTests";
			sourceTree = "<group>";
		};
		5961956B25DCBE760068CDBF /* Card GameUITests */ = {
			isa = PBXGroup;
			children = (
				5961956C25DCBE760068CDBF /* Card_GameUITests.swift */,
				5961956E25DCBE760068CDBF /* Info.plist */,
			);
			path = "Card GameUITests";
			sourceTree = "<group>";
		};
		5992FED42659DA5F00AD536B /* Model */ = {
			isa = PBXGroup;
			children = (
				5953A92025E3857200078583 /* MemoryGame.swift */,
				596B384726016140006D2136 /* Grid.swift */,
				5992FED02658D32F00AD536B /* GridLayout.swift */,
			);
			path = Model;
			sourceTree = "<group>";
		};
		5992FED52659DA8500AD536B /* ViewModel */ = {
			isa = PBXGroup;
			children = (
				5953A92825E3879D00078583 /* EmojiMemoryGame.swift */,
			);
			path = ViewModel;
			sourceTree = "<group>";
		};
		5992FED62659DA9200AD536B /* View */ = {
			isa = PBXGroup;
			children = (
				5961954F25DCBE700068CDBF /* Card_GameApp.swift */,
				5961955125DCBE700068CDBF /* CardGameView.swift */,
				5961955325DCBE750068CDBF /* Assets.xcassets */,
			);
			path = View;
			sourceTree = "<group>";
		};
/* End PBXGroup section */

/* Begin PBXNativeTarget section */
		5961954B25DCBE700068CDBF /* Card Game */ = {
			isa = PBXNativeTarget;
			buildConfigurationList = 5961957125DCBE760068CDBF /* Build configuration list for PBXNativeTarget "Card Game" */;
			buildPhases = (
				5961954825DCBE700068CDBF /* Sources */,
				5961954925DCBE700068CDBF /* Frameworks */,
				5961954A25DCBE700068CDBF /* Resources */,
			);
			buildRules = (
			);
			dependencies = (
			);
			name = "Card Game";
			productName = "Card Game";
			productReference = 5961954C25DCBE700068CDBF /* Card Game.app */;
			productType = "com.apple.product-type.application";
		};
		5961955C25DCBE750068CDBF /* Card GameTests */ = {
			isa = PBXNativeTarget;
			buildConfigurationList = 5961957425DCBE760068CDBF /* Build configuration list for PBXNativeTarget "Card GameTests" */;
			buildPhases = (
				5961955925DCBE750068CDBF /* Sources */,
				5961955A25DCBE750068CDBF /* Frameworks */,
				5961955B25DCBE750068CDBF /* Resources */,
			);
			buildRules = (
			);
			dependencies = (
				5961955F25DCBE750068CDBF /* PBXTargetDependency */,
			);
			name = "Card GameTests";
			productName = "Card GameTests";
			productReference = 5961955D25DCBE750068CDBF /* Card GameTests.xctest */;
			productType = "com.apple.product-type.bundle.unit-test";
		};
		5961956725DCBE760068CDBF /* Card GameUITests */ = {
			isa = PBXNativeTarget;
			buildConfigurationList = 5961957725DCBE760068CDBF /* Build configuration list for PBXNativeTarget "Card GameUITests" */;
			buildPhases = (
				5961956425DCBE760068CDBF /* Sources */,
				5961956525DCBE760068CDBF /* Frameworks */,
				5961956625DCBE760068CDBF /* Resources */,
			);
			buildRules = (
			);
			dependencies = (
				5961956A25DCBE760068CDBF /* PBXTargetDependency */,
			);
			name = "Card GameUITests";
			productName = "Card GameUITests";
			productReference = 5961956825DCBE760068CDBF /* Card GameUITests.xctest */;
			productType = "com.apple.product-type.bundle.ui-testing";
		};
/* End PBXNativeTarget section */

/* Begin PBXProject section */
		5961954425DCBE6F0068CDBF /* Project object */ = {
			isa = PBXProject;
			attributes = {
				LastSwiftUpdateCheck = 1240;
				LastUpgradeCheck = 1240;
				TargetAttributes = {
					5961954B25DCBE700068CDBF = {
						CreatedOnToolsVersion = 12.4;
					};
					5961955C25DCBE750068CDBF = {
						CreatedOnToolsVersion = 12.4;
						TestTargetID = 5961954B25DCBE700068CDBF;
					};
					5961956725DCBE760068CDBF = {
						CreatedOnToolsVersion = 12.4;
						TestTargetID = 5961954B25DCBE700068CDBF;
					};
				};
			};
			buildConfigurationList = 5961954725DCBE6F0068CDBF /* Build configuration list for PBXProject "Card Game" */;
			compatibilityVersion = "Xcode 9.3";
			developmentRegion = en;
			hasScannedForEncodings = 0;
			knownRegions = (
				en,
				Base,
			);
			mainGroup = 5961954325DCBE6F0068CDBF;
			productRefGroup = 5961954D25DCBE700068CDBF /* Products */;
			projectDirPath = "";
			projectRoot = "";
			targets = (
				5961954B25DCBE700068CDBF /* Card Game */,
				5961955C25DCBE750068CDBF /* Card GameTests */,
				5961956725DCBE760068CDBF /* Card GameUITests */,
			);
		};
/* End PBXProject section */

/* Begin PBXResourcesBuildPhase section */
		5961954A25DCBE700068CDBF /* Resources */ = {
			isa = PBXResourcesBuildPhase;
			buildActionMask = 2147483647;
			files = (
				5961955725DCBE750068CDBF /* Preview Assets.xcassets in Resources */,
				5961955425DCBE750068CDBF /* Assets.xcassets in Resources */,
			);
			runOnlyForDeploymentPostprocessing = 0;
		};
		5961955B25DCBE750068CDBF /* Resources */ = {
			isa = PBXResourcesBuildPhase;
			buildActionMask = 2147483647;
			files = (
			);
			runOnlyForDeploymentPostprocessing = 0;
		};
		5961956625DCBE760068CDBF /* Resources */ = {
			isa = PBXResourcesBuildPhase;
			buildActionMask = 2147483647;
			files = (
			);
			runOnlyForDeploymentPostprocessing = 0;
		};
/* End PBXResourcesBuildPhase section */

/* Begin PBXSourcesBuildPhase section */
		5961954825DCBE700068CDBF /* Sources */ = {
			isa = PBXSourcesBuildPhase;
			buildActionMask = 2147483647;
			files = (
				5961955225DCBE700068CDBF /* CardGameView.swift in Sources */,
				596B384326015EB6006D2136 /* Array+Extension.swift in Sources */,
				5992FED32659AE3100AD536B /* Array+Only.swift in Sources */,
				5961955025DCBE700068CDBF /* Card_GameApp.swift in Sources */,
				5953A92125E3857200078583 /* MemoryGame.swift in Sources */,
				5953A92925E3879D00078583 /* EmojiMemoryGame.swift in Sources */,
				596B384826016140006D2136 /* Grid.swift in Sources */,
				5992FED12658D32F00AD536B /* GridLayout.swift in Sources */,
			);
			runOnlyForDeploymentPostprocessing = 0;
		};
		5961955925DCBE750068CDBF /* Sources */ = {
			isa = PBXSourcesBuildPhase;
			buildActionMask = 2147483647;
			files = (
				5961956225DCBE760068CDBF /* Card_GameTests.swift in Sources */,
			);
			runOnlyForDeploymentPostprocessing = 0;
		};
		5961956425DCBE760068CDBF /* Sources */ = {
			isa = PBXSourcesBuildPhase;
			buildActionMask = 2147483647;
			files = (
				5961956D25DCBE760068CDBF /* Card_GameUITests.swift in Sources */,
			);
			runOnlyForDeploymentPostprocessing = 0;
		};
/* End PBXSourcesBuildPhase section */

/* Begin PBXTargetDependency section */
		5961955F25DCBE750068CDBF /* PBXTargetDependency */ = {
			isa = PBXTargetDependency;
			target = 5961954B25DCBE700068CDBF /* Card Game */;
			targetProxy = 5961955E25DCBE750068CDBF /* PBXContainerItemProxy */;
		};
		5961956A25DCBE760068CDBF /* PBXTargetDependency */ = {
			isa = PBXTargetDependency;
			target = 5961954B25DCBE700068CDBF /* Card Game */;
			targetProxy = 5961956925DCBE760068CDBF /* PBXContainerItemProxy */;
		};
/* End PBXTargetDependency section */

/* Begin XCBuildConfiguration section */
		5961956F25DCBE760068CDBF /* Debug */ = {
			isa = XCBuildConfiguration;
			buildSettings = {
				ALWAYS_SEARCH_USER_PATHS = NO;
				CLANG_ANALYZER_NONNULL = YES;
				CLANG_ANALYZER_NUMBER_OBJECT_CONVERSION = YES_AGGRESSIVE;
				CLANG_CXX_LANGUAGE_STANDARD = "gnu++14";
				CLANG_CXX_LIBRARY = "libc++";
				CLANG_ENABLE_MODULES = YES;
				CLANG_ENABLE_OBJC_ARC = YES;
				CLANG_ENABLE_OBJC_WEAK = YES;
				CLANG_WARN_BLOCK_CAPTURE_AUTORELEASING = YES;
				CLANG_WARN_BOOL_CONVERSION = YES;
				CLANG_WARN_COMMA = YES;
				CLANG_WARN_CONSTANT_CONVERSION = YES;
				CLANG_WARN_DEPRECATED_OBJC_IMPLEMENTATIONS = YES;
				CLANG_WARN_DIRECT_OBJC_ISA_USAGE = YES_ERROR;
				CLANG_WARN_DOCUMENTATION_COMMENTS = YES;
				CLANG_WARN_EMPTY_BODY = YES;
				CLANG_WARN_ENUM_CONVERSION = YES;
				CLANG_WARN_INFINITE_RECURSION = YES;
				CLANG_WARN_INT_CONVERSION = YES;
				CLANG_WARN_NON_LITERAL_NULL_CONVERSION = YES;
				CLANG_WARN_OBJC_IMPLICIT_RETAIN_SELF = YES;
				CLANG_WARN_OBJC_LITERAL_CONVERSION = YES;
				CLANG_WARN_OBJC_ROOT_CLASS = YES_ERROR;
				CLANG_WARN_QUOTED_INCLUDE_IN_FRAMEWORK_HEADER = YES;
				CLANG_WARN_RANGE_LOOP_ANALYSIS = YES;
				CLANG_WARN_STRICT_PROTOTYPES = YES;
				CLANG_WARN_SUSPICIOUS_MOVE = YES;
				CLANG_WARN_UNGUARDED_AVAILABILITY = YES_AGGRESSIVE;
				CLANG_WARN_UNREACHABLE_CODE = YES;
				CLANG_WARN__DUPLICATE_METHOD_MATCH = YES;
				COPY_PHASE_STRIP = NO;
				DEBUG_INFORMATION_FORMAT = dwarf;
				ENABLE_STRICT_OBJC_MSGSEND = YES;
				ENABLE_TESTABILITY = YES;
				GCC_C_LANGUAGE_STANDARD = gnu11;
				GCC_DYNAMIC_NO_PIC = NO;
				GCC_NO_COMMON_BLOCKS = YES;
				GCC_OPTIMIZATION_LEVEL = 0;
				GCC_PREPROCESSOR_DEFINITIONS = (
					"DEBUG=1",
					"$(inherited)",
				);
				GCC_WARN_64_TO_32_BIT_CONVERSION = YES;
				GCC_WARN_ABOUT_RETURN_TYPE = YES_ERROR;
				GCC_WARN_UNDECLARED_SELECTOR = YES;
				GCC_WARN_UNINITIALIZED_AUTOS = YES_AGGRESSIVE;
				GCC_WARN_UNUSED_FUNCTION = YES;
				GCC_WARN_UNUSED_VARIABLE = YES;
				IPHONEOS_DEPLOYMENT_TARGET = 14.4;
				MTL_ENABLE_DEBUG_INFO = INCLUDE_SOURCE;
				MTL_FAST_MATH = YES;
				ONLY_ACTIVE_ARCH = YES;
				SDKROOT = iphoneos;
				SWIFT_ACTIVE_COMPILATION_CONDITIONS = DEBUG;
				SWIFT_OPTIMIZATION_LEVEL = "-Onone";
			};
			name = Debug;
		};
		5961957025DCBE760068CDBF /* Release */ = {
			isa = XCBuildConfiguration;
			buildSettings = {
				ALWAYS_SEARCH_USER_PATHS = NO;
				CLANG_ANALYZER_NONNULL = YES;
				CLANG_ANALYZER_NUMBER_OBJECT_CONVERSION = YES_AGGRESSIVE;
				CLANG_CXX_LANGUAGE_STANDARD = "gnu++14";
				CLANG_CXX_LIBRARY = "libc++";
				CLANG_ENABLE_MODULES = YES;
				CLANG_ENABLE_OBJC_ARC = YES;
				CLANG_ENABLE_OBJC_WEAK = YES;
				CLANG_WARN_BLOCK_CAPTURE_AUTORELEASING = YES;
				CLANG_WARN_BOOL_CONVERSION = YES;
				CLANG_WARN_COMMA = YES;
				CLANG_WARN_CONSTANT_CONVERSION = YES;
				CLANG_WARN_DEPRECATED_OBJC_IMPLEMENTATIONS = YES;
				CLANG_WARN_DIRECT_OBJC_ISA_USAGE = YES_ERROR;
				CLANG_WARN_DOCUMENTATION_COMMENTS = YES;
				CLANG_WARN_EMPTY_BODY = YES;
				CLANG_WARN_ENUM_CONVERSION = YES;
				CLANG_WARN_INFINITE_RECURSION = YES;
				CLANG_WARN_INT_CONVERSION = YES;
				CLANG_WARN_NON_LITERAL_NULL_CONVERSION = YES;
				CLANG_WARN_OBJC_IMPLICIT_RETAIN_SELF = YES;
				CLANG_WARN_OBJC_LITERAL_CONVERSION = YES;
				CLANG_WARN_OBJC_ROOT_CLASS = YES_ERROR;
				CLANG_WARN_QUOTED_INCLUDE_IN_FRAMEWORK_HEADER = YES;
				CLANG_WARN_RANGE_LOOP_ANALYSIS = YES;
				CLANG_WARN_STRICT_PROTOTYPES = YES;
				CLANG_WARN_SUSPICIOUS_MOVE = YES;
				CLANG_WARN_UNGUARDED_AVAILABILITY = YES_AGGRESSIVE;
				CLANG_WARN_UNREACHABLE_CODE = YES;
				CLANG_WARN__DUPLICATE_METHOD_MATCH = YES;
				COPY_PHASE_STRIP = NO;
				DEBUG_INFORMATION_FORMAT = "dwarf-with-dsym";
				ENABLE_NS_ASSERTIONS = NO;
				ENABLE_STRICT_OBJC_MSGSEND = YES;
				GCC_C_LANGUAGE_STANDARD = gnu11;
				GCC_NO_COMMON_BLOCKS = YES;
				GCC_WARN_64_TO_32_BIT_CONVERSION = YES;
				GCC_WARN_ABOUT_RETURN_TYPE = YES_ERROR;
				GCC_WARN_UNDECLARED_SELECTOR = YES;
				GCC_WARN_UNINITIALIZED_AUTOS = YES_AGGRESSIVE;
				GCC_WARN_UNUSED_FUNCTION = YES;
				GCC_WARN_UNUSED_VARIABLE = YES;
				IPHONEOS_DEPLOYMENT_TARGET = 14.4;
				MTL_ENABLE_DEBUG_INFO = NO;
				MTL_FAST_MATH = YES;
				SDKROOT = iphoneos;
				SWIFT_COMPILATION_MODE = wholemodule;
				SWIFT_OPTIMIZATION_LEVEL = "-O";
				VALIDATE_PRODUCT = YES;
			};
			name = Release;
		};
		5961957225DCBE760068CDBF /* Debug */ = {
			isa = XCBuildConfiguration;
			buildSettings = {
				ASSETCATALOG_COMPILER_APPICON_NAME = AppIcon;
				ASSETCATALOG_COMPILER_GLOBAL_ACCENT_COLOR_NAME = AccentColor;
				CODE_SIGN_STYLE = Automatic;
				DEVELOPMENT_ASSET_PATHS = "\"Card Game/Preview Content\"";
				DEVELOPMENT_TEAM = 3VZWRDD4TX;
				ENABLE_PREVIEWS = YES;
				INFOPLIST_FILE = "Card Game/Info.plist";
				IPHONEOS_DEPLOYMENT_TARGET = 14.0;
				LD_RUNPATH_SEARCH_PATHS = (
					"$(inherited)",
					"@executable_path/Frameworks",
				);
				PRODUCT_BUNDLE_IDENTIFIER = "mozz.Card-Game";
				PRODUCT_NAME = "$(TARGET_NAME)";
				SWIFT_VERSION = 5.0;
				TARGETED_DEVICE_FAMILY = "1,2";
			};
			name = Debug;
		};
		5961957325DCBE760068CDBF /* Release */ = {
			isa = XCBuildConfiguration;
			buildSettings = {
				ASSETCATALOG_COMPILER_APPICON_NAME = AppIcon;
				ASSETCATALOG_COMPILER_GLOBAL_ACCENT_COLOR_NAME = AccentColor;
				CODE_SIGN_STYLE = Automatic;
				DEVELOPMENT_ASSET_PATHS = "\"Card Game/Preview Content\"";
				DEVELOPMENT_TEAM = 3VZWRDD4TX;
				ENABLE_PREVIEWS = YES;
				INFOPLIST_FILE = "Card Game/Info.plist";
				IPHONEOS_DEPLOYMENT_TARGET = 14.0;
				LD_RUNPATH_SEARCH_PATHS = (
					"$(inherited)",
					"@executable_path/Frameworks",
				);
				PRODUCT_BUNDLE_IDENTIFIER = "mozz.Card-Game";
				PRODUCT_NAME = "$(TARGET_NAME)";
				SWIFT_VERSION = 5.0;
				TARGETED_DEVICE_FAMILY = "1,2";
			};
			name = Release;
		};
		5961957525DCBE760068CDBF /* Debug */ = {
			isa = XCBuildConfiguration;
			buildSettings = {
				ALWAYS_EMBED_SWIFT_STANDARD_LIBRARIES = YES;
				BUNDLE_LOADER = "$(TEST_HOST)";
				CODE_SIGN_STYLE = Automatic;
				DEVELOPMENT_TEAM = 3VZWRDD4TX;
				INFOPLIST_FILE = "Card GameTests/Info.plist";
				IPHONEOS_DEPLOYMENT_TARGET = 14.0;
				LD_RUNPATH_SEARCH_PATHS = (
					"$(inherited)",
					"@executable_path/Frameworks",
					"@loader_path/Frameworks",
				);
				PRODUCT_BUNDLE_IDENTIFIER = "mozz.Card-GameTests";
				PRODUCT_NAME = "$(TARGET_NAME)";
				SWIFT_VERSION = 5.0;
				TARGETED_DEVICE_FAMILY = "1,2";
				TEST_HOST = "$(BUILT_PRODUCTS_DIR)/Card Game.app/Card Game";
			};
			name = Debug;
		};
		5961957625DCBE760068CDBF /* Release */ = {
			isa = XCBuildConfiguration;
			buildSettings = {
				ALWAYS_EMBED_SWIFT_STANDARD_LIBRARIES = YES;
				BUNDLE_LOADER = "$(TEST_HOST)";
				CODE_SIGN_STYLE = Automatic;
				DEVELOPMENT_TEAM = 3VZWRDD4TX;
				INFOPLIST_FILE = "Card GameTests/Info.plist";
				IPHONEOS_DEPLOYMENT_TARGET = 14.0;
				LD_RUNPATH_SEARCH_PATHS = (
					"$(inherited)",
					"@executable_path/Frameworks",
					"@loader_path/Frameworks",
				);
				PRODUCT_BUNDLE_IDENTIFIER = "mozz.Card-GameTests";
				PRODUCT_NAME = "$(TARGET_NAME)";
				SWIFT_VERSION = 5.0;
				TARGETED_DEVICE_FAMILY = "1,2";
				TEST_HOST = "$(BUILT_PRODUCTS_DIR)/Card Game.app/Card Game";
			};
			name = Release;
		};
		5961957825DCBE760068CDBF /* Debug */ = {
			isa = XCBuildConfiguration;
			buildSettings = {
				ALWAYS_EMBED_SWIFT_STANDARD_LIBRARIES = YES;
				CODE_SIGN_STYLE = Automatic;
				DEVELOPMENT_TEAM = 3VZWRDD4TX;
				INFOPLIST_FILE = "Card GameUITests/Info.plist";
				LD_RUNPATH_SEARCH_PATHS = (
					"$(inherited)",
					"@executable_path/Frameworks",
					"@loader_path/Frameworks",
				);
				PRODUCT_BUNDLE_IDENTIFIER = "mozz.Card-GameUITests";
				PRODUCT_NAME = "$(TARGET_NAME)";
				SWIFT_VERSION = 5.0;
				TARGETED_DEVICE_FAMILY = "1,2";
				TEST_TARGET_NAME = "Card Game";
			};
			name = Debug;
		};
		5961957925DCBE760068CDBF /* Release */ = {
			isa = XCBuildConfiguration;
			buildSettings = {
				ALWAYS_EMBED_SWIFT_STANDARD_LIBRARIES = YES;
				CODE_SIGN_STYLE = Automatic;
				DEVELOPMENT_TEAM = 3VZWRDD4TX;
				INFOPLIST_FILE = "Card GameUITests/Info.plist";
				LD_RUNPATH_SEARCH_PATHS = (
					"$(inherited)",
					"@executable_path/Frameworks",
					"@loader_path/Frameworks",
				);
				PRODUCT_BUNDLE_IDENTIFIER = "mozz.Card-GameUITests";
				PRODUCT_NAME = "$(TARGET_NAME)";
				SWIFT_VERSION = 5.0;
				TARGETED_DEVICE_FAMILY = "1,2";
				TEST_TARGET_NAME = "Card Game";
			};
			name = Release;
		};
/* End XCBuildConfiguration section */

/* Begin XCConfigurationList section */
		5961954725DCBE6F0068CDBF /* Build configuration list for PBXProject "Card Game" */ = {
			isa = XCConfigurationList;
			buildConfigurations = (
				5961956F25DCBE760068CDBF /* Debug */,
				5961957025DCBE760068CDBF /* Release */,
			);
			defaultConfigurationIsVisible = 0;
			defaultConfigurationName = Release;
		};
		5961957125DCBE760068CDBF /* Build configuration list for PBXNativeTarget "Card Game" */ = {
			isa = XCConfigurationList;
			buildConfigurations = (
				5961957225DCBE760068CDBF /* Debug */,
				5961957325DCBE760068CDBF /* Release */,
			);
			defaultConfigurationIsVisible = 0;
			defaultConfigurationName = Release;
		};
		5961957425DCBE760068CDBF /* Build configuration list for PBXNativeTarget "Card GameTests" */ = {
			isa = XCConfigurationList;
			buildConfigurations = (
				5961957525DCBE760068CDBF /* Debug */,
				5961957625DCBE760068CDBF /* Release */,
			);
			defaultConfigurationIsVisible = 0;
			defaultConfigurationName = Release;
		};
		5961957725DCBE760068CDBF /* Build configuration list for PBXNativeTarget "Card GameUITests" */ = {
			isa = XCConfigurationList;
			buildConfigurations = (
				5961957825DCBE760068CDBF /* Debug */,
				5961957925DCBE760068CDBF /* Release */,
			);
			defaultConfigurationIsVisible = 0;
			defaultConfigurationName = Release;
		};
/* End XCConfigurationList section */
	};
	rootObject = 5961954425DCBE6F0068CDBF /* Project object */;
}
